
Microsoft Visual Studio Solution File, Format Version 12.00
# Visual Studio Version 17
VisualStudioVersion = 17.4.33122.133
MinimumVisualStudioVersion = 10.0.40219.1
Project("{2150E333-8FDC-42A3-9474-1A3956D46DE8}") = "Solution Items", "Solution Items", "{3C65A895-4CCE-4A29-B392-36582DA77764}"
	ProjectSection(SolutionItems) = preProject
		src\docker-compose.override.yml = src\docker-compose.override.yml
		src\docker-compose.yml = src\docker-compose.yml
		global.json = global.json
		README.md = README.md
	EndProjectSection
EndProject
Project("{2150E333-8FDC-42A3-9474-1A3956D46DE8}") = "src", "src", "{81FDC3D2-7FC8-4EB6-AC1A-0C7421DFB59E}"
EndProject
Project("{2150E333-8FDC-42A3-9474-1A3956D46DE8}") = "ApiGateways", "ApiGateways", "{6E7BE8DA-B799-4221-A741-33BE659BCF14}"
EndProject
Project("{2150E333-8FDC-42A3-9474-1A3956D46DE8}") = "BuildingBlocks", "BuildingBlocks", "{66399A92-E823-47EE-A592-4CDCEDA2B7E2}"
EndProject
Project("{2150E333-8FDC-42A3-9474-1A3956D46DE8}") = "Services", "Services", "{DF8A3F02-2C35-474A-B98A-EBEDAAD62AC6}"
EndProject
Project("{2150E333-8FDC-42A3-9474-1A3956D46DE8}") = "WebApps", "WebApps", "{54F514E5-9139-4527-BF73-EDFA0CE4BE54}"
EndProject
Project("{FAE04EC0-301F-11D3-BF4B-00C04F79EFBC}") = "Common.Logging", "src\BuildingBlocks\Common.Logging\Common.Logging.csproj", "{07417B42-145C-445B-9F19-664AFFCF2028}"
EndProject
Project("{FAE04EC0-301F-11D3-BF4B-00C04F79EFBC}") = "EventBus.Messages", "src\BuildingBlocks\EventBus.Messages\EventBus.Messages.csproj", "{2AA96C57-2EEB-4D94-B88B-A7A59543A248}"
EndProject
Project("{2150E333-8FDC-42A3-9474-1A3956D46DE8}") = "Product", "Product", "{FE531509-EA2A-444B-85A8-17ADB06181A4}"
EndProject
Project("{2150E333-8FDC-42A3-9474-1A3956D46DE8}") = "Customer", "Customer", "{D80CA3F3-DAD3-4B69-9E02-8CECB2366B60}"
EndProject
Project("{2150E333-8FDC-42A3-9474-1A3956D46DE8}") = "Basket", "Basket", "{E43E16FF-DA53-4B9D-9C61-41081F92DB7F}"
EndProject
Project("{2150E333-8FDC-42A3-9474-1A3956D46DE8}") = "Ordering", "Ordering", "{E8CD97B9-6E87-4C34-AD21-B84D3BDDCE44}"
EndProject
Project("{2150E333-8FDC-42A3-9474-1A3956D46DE8}") = "Inventory", "Inventory", "{4FB26A42-8C6E-4B78-AC32-DC2121FE904F}"
EndProject
Project("{2150E333-8FDC-42A3-9474-1A3956D46DE8}") = "ScheduleJob", "ScheduleJob", "{72708DD6-6D00-4C14-95B1-F71C9E3CD1EC}"
EndProject
Project("{FAE04EC0-301F-11D3-BF4B-00C04F79EFBC}") = "WebHealthStatus", "src\WebApps\WebHealthStatus\WebHealthStatus.csproj", "{32DC677D-7961-40C3-AD94-CA95E2D307EC}"
EndProject
Project("{FAE04EC0-301F-11D3-BF4B-00C04F79EFBC}") = "Customer.Api", "src\Services\Customer\Customer.Api\Customer.Api.csproj", "{A65B5C7C-1978-4B82-8B94-1B8E74A39781}"
EndProject
Project("{FAE04EC0-301F-11D3-BF4B-00C04F79EFBC}") = "Basket.Api", "src\Services\Basket\Basket.Api\Basket.Api.csproj", "{4B6DE47D-5907-4B1F-9C59-35136C3AE50F}"
EndProject
Project("{FAE04EC0-301F-11D3-BF4B-00C04F79EFBC}") = "Inventory.Product.Api", "src\Services\Inventory\Inventory.Product.Api\Inventory.Product.Api.csproj", "{7177E254-FE99-49CE-A111-AAE031BABFDB}"
EndProject
Project("{FAE04EC0-301F-11D3-BF4B-00C04F79EFBC}") = "Ordering.Api", "src\Services\Ordering\Ordering.Api\Ordering.Api.csproj", "{0ED8A3F4-8EBA-4CB4-8DB8-3C3D97C8438B}"
EndProject
Project("{FAE04EC0-301F-11D3-BF4B-00C04F79EFBC}") = "Product.Api", "src\Services\Product\Product.Api\Product.Api.csproj", "{1CB19A4D-1767-4E8E-8104-03E925688B32}"
EndProject
Project("{FAE04EC0-301F-11D3-BF4B-00C04F79EFBC}") = "Hangfire.Api", "src\Services\ScheduleJob\Hangfire.Api\Hangfire.Api.csproj", "{FDB943CE-687B-412A-A492-DE5F432D064F}"
EndProject
Project("{FAE04EC0-301F-11D3-BF4B-00C04F79EFBC}") = "Contracts", "src\BuildingBlocks\Contracts\Contracts.csproj", "{5EEFE72F-5DF7-4A4E-B95C-6BC0B6827BEF}"
EndProject
Project("{FAE04EC0-301F-11D3-BF4B-00C04F79EFBC}") = "Infrastructure", "src\BuildingBlocks\Infrastructure\Infrastructure.csproj", "{B6718303-EE0A-4DAD-8340-C9F77DDFDAC6}"
EndProject
Project("{FAE04EC0-301F-11D3-BF4B-00C04F79EFBC}") = "Shared", "src\BuildingBlocks\Shared\Shared.csproj", "{D1E56B06-E1A5-4C09-AB3D-2F83C9916094}"
EndProject
Project("{FAE04EC0-301F-11D3-BF4B-00C04F79EFBC}") = "OcelotApiGw", "src\ApiGateways\OcelotApiGw\OcelotApiGw.csproj", "{09A6E034-A433-44AA-B15B-2E1D9A0EF8C8}"
EndProject
Global
	GlobalSection(SolutionConfigurationPlatforms) = preSolution
		Debug|Any CPU = Debug|Any CPU
		Release|Any CPU = Release|Any CPU
	EndGlobalSection
	GlobalSection(ProjectConfigurationPlatforms) = postSolution
		{07417B42-145C-445B-9F19-664AFFCF2028}.Debug|Any CPU.ActiveCfg = Debug|Any CPU
		{07417B42-145C-445B-9F19-664AFFCF2028}.Debug|Any CPU.Build.0 = Debug|Any CPU
		{07417B42-145C-445B-9F19-664AFFCF2028}.Release|Any CPU.ActiveCfg = Release|Any CPU
		{07417B42-145C-445B-9F19-664AFFCF2028}.Release|Any CPU.Build.0 = Release|Any CPU
		{2AA96C57-2EEB-4D94-B88B-A7A59543A248}.Debug|Any CPU.ActiveCfg = Debug|Any CPU
		{2AA96C57-2EEB-4D94-B88B-A7A59543A248}.Debug|Any CPU.Build.0 = Debug|Any CPU
		{2AA96C57-2EEB-4D94-B88B-A7A59543A248}.Release|Any CPU.ActiveCfg = Release|Any CPU
		{2AA96C57-2EEB-4D94-B88B-A7A59543A248}.Release|Any CPU.Build.0 = Release|Any CPU
		{32DC677D-7961-40C3-AD94-CA95E2D307EC}.Debug|Any CPU.ActiveCfg = Debug|Any CPU
		{32DC677D-7961-40C3-AD94-CA95E2D307EC}.Debug|Any CPU.Build.0 = Debug|Any CPU
		{32DC677D-7961-40C3-AD94-CA95E2D307EC}.Release|Any CPU.ActiveCfg = Release|Any CPU
		{32DC677D-7961-40C3-AD94-CA95E2D307EC}.Release|Any CPU.Build.0 = Release|Any CPU
		{A65B5C7C-1978-4B82-8B94-1B8E74A39781}.Debug|Any CPU.ActiveCfg = Debug|Any CPU
		{A65B5C7C-1978-4B82-8B94-1B8E74A39781}.Debug|Any CPU.Build.0 = Debug|Any CPU
		{A65B5C7C-1978-4B82-8B94-1B8E74A39781}.Release|Any CPU.ActiveCfg = Release|Any CPU
		{A65B5C7C-1978-4B82-8B94-1B8E74A39781}.Release|Any CPU.Build.0 = Release|Any CPU
		{4B6DE47D-5907-4B1F-9C59-35136C3AE50F}.Debug|Any CPU.ActiveCfg = Debug|Any CPU
		{4B6DE47D-5907-4B1F-9C59-35136C3AE50F}.Debug|Any CPU.Build.0 = Debug|Any CPU
		{4B6DE47D-5907-4B1F-9C59-35136C3AE50F}.Release|Any CPU.ActiveCfg = Release|Any CPU
		{4B6DE47D-5907-4B1F-9C59-35136C3AE50F}.Release|Any CPU.Build.0 = Release|Any CPU
		{7177E254-FE99-49CE-A111-AAE031BABFDB}.Debug|Any CPU.ActiveCfg = Debug|Any CPU
		{7177E254-FE99-49CE-A111-AAE031BABFDB}.Debug|Any CPU.Build.0 = Debug|Any CPU
		{7177E254-FE99-49CE-A111-AAE031BABFDB}.Release|Any CPU.ActiveCfg = Release|Any CPU
		{7177E254-FE99-49CE-A111-AAE031BABFDB}.Release|Any CPU.Build.0 = Release|Any CPU
		{0ED8A3F4-8EBA-4CB4-8DB8-3C3D97C8438B}.Debug|Any CPU.ActiveCfg = Debug|Any CPU
		{0ED8A3F4-8EBA-4CB4-8DB8-3C3D97C8438B}.Debug|Any CPU.Build.0 = Debug|Any CPU
		{0ED8A3F4-8EBA-4CB4-8DB8-3C3D97C8438B}.Release|Any CPU.ActiveCfg = Release|Any CPU
		{0ED8A3F4-8EBA-4CB4-8DB8-3C3D97C8438B}.Release|Any CPU.Build.0 = Release|Any CPU
		{1CB19A4D-1767-4E8E-8104-03E925688B32}.Debug|Any CPU.ActiveCfg = Debug|Any CPU
		{1CB19A4D-1767-4E8E-8104-03E925688B32}.Debug|Any CPU.Build.0 = Debug|Any CPU
		{1CB19A4D-1767-4E8E-8104-03E925688B32}.Release|Any CPU.ActiveCfg = Release|Any CPU
		{1CB19A4D-1767-4E8E-8104-03E925688B32}.Release|Any CPU.Build.0 = Release|Any CPU
		{FDB943CE-687B-412A-A492-DE5F432D064F}.Debug|Any CPU.ActiveCfg = Debug|Any CPU
		{FDB943CE-687B-412A-A492-DE5F432D064F}.Debug|Any CPU.Build.0 = Debug|Any CPU
		{FDB943CE-687B-412A-A492-DE5F432D064F}.Release|Any CPU.ActiveCfg = Release|Any CPU
		{FDB943CE-687B-412A-A492-DE5F432D064F}.Release|Any CPU.Build.0 = Release|Any CPU
		{5EEFE72F-5DF7-4A4E-B95C-6BC0B6827BEF}.Debug|Any CPU.ActiveCfg = Debug|Any CPU
		{5EEFE72F-5DF7-4A4E-B95C-6BC0B6827BEF}.Debug|Any CPU.Build.0 = Debug|Any CPU
		{5EEFE72F-5DF7-4A4E-B95C-6BC0B6827BEF}.Release|Any CPU.ActiveCfg = Release|Any CPU
		{5EEFE72F-5DF7-4A4E-B95C-6BC0B6827BEF}.Release|Any CPU.Build.0 = Release|Any CPU
		{B6718303-EE0A-4DAD-8340-C9F77DDFDAC6}.Debug|Any CPU.ActiveCfg = Debug|Any CPU
		{B6718303-EE0A-4DAD-8340-C9F77DDFDAC6}.Debug|Any CPU.Build.0 = Debug|Any CPU
		{B6718303-EE0A-4DAD-8340-C9F77DDFDAC6}.Release|Any CPU.ActiveCfg = Release|Any CPU
		{B6718303-EE0A-4DAD-8340-C9F77DDFDAC6}.Release|Any CPU.Build.0 = Release|Any CPU
		{D1E56B06-E1A5-4C09-AB3D-2F83C9916094}.Debug|Any CPU.ActiveCfg = Debug|Any CPU
		{D1E56B06-E1A5-4C09-AB3D-2F83C9916094}.Debug|Any CPU.Build.0 = Debug|Any CPU
		{D1E56B06-E1A5-4C09-AB3D-2F83C9916094}.Release|Any CPU.ActiveCfg = Release|Any CPU
		{D1E56B06-E1A5-4C09-AB3D-2F83C9916094}.Release|Any CPU.Build.0 = Release|Any CPU
		{09A6E034-A433-44AA-B15B-2E1D9A0EF8C8}.Debug|Any CPU.ActiveCfg = Debug|Any CPU
		{09A6E034-A433-44AA-B15B-2E1D9A0EF8C8}.Debug|Any CPU.Build.0 = Debug|Any CPU
		{09A6E034-A433-44AA-B15B-2E1D9A0EF8C8}.Release|Any CPU.ActiveCfg = Release|Any CPU
		{09A6E034-A433-44AA-B15B-2E1D9A0EF8C8}.Release|Any CPU.Build.0 = Release|Any CPU
	EndGlobalSection
	GlobalSection(SolutionProperties) = preSolution
		HideSolutionNode = FALSE
	EndGlobalSection
	GlobalSection(NestedProjects) = preSolution
		{6E7BE8DA-B799-4221-A741-33BE659BCF14} = {81FDC3D2-7FC8-4EB6-AC1A-0C7421DFB59E}
		{66399A92-E823-47EE-A592-4CDCEDA2B7E2} = {81FDC3D2-7FC8-4EB6-AC1A-0C7421DFB59E}
		{DF8A3F02-2C35-474A-B98A-EBEDAAD62AC6} = {81FDC3D2-7FC8-4EB6-AC1A-0C7421DFB59E}
		{54F514E5-9139-4527-BF73-EDFA0CE4BE54} = {81FDC3D2-7FC8-4EB6-AC1A-0C7421DFB59E}
		{07417B42-145C-445B-9F19-664AFFCF2028} = {66399A92-E823-47EE-A592-4CDCEDA2B7E2}
		{2AA96C57-2EEB-4D94-B88B-A7A59543A248} = {66399A92-E823-47EE-A592-4CDCEDA2B7E2}
		{FE531509-EA2A-444B-85A8-17ADB06181A4} = {DF8A3F02-2C35-474A-B98A-EBEDAAD62AC6}
		{D80CA3F3-DAD3-4B69-9E02-8CECB2366B60} = {DF8A3F02-2C35-474A-B98A-EBEDAAD62AC6}
		{E43E16FF-DA53-4B9D-9C61-41081F92DB7F} = {DF8A3F02-2C35-474A-B98A-EBEDAAD62AC6}
		{E8CD97B9-6E87-4C34-AD21-B84D3BDDCE44} = {DF8A3F02-2C35-474A-B98A-EBEDAAD62AC6}
		{4FB26A42-8C6E-4B78-AC32-DC2121FE904F} = {DF8A3F02-2C35-474A-B98A-EBEDAAD62AC6}
		{72708DD6-6D00-4C14-95B1-F71C9E3CD1EC} = {DF8A3F02-2C35-474A-B98A-EBEDAAD62AC6}
		{32DC677D-7961-40C3-AD94-CA95E2D307EC} = {54F514E5-9139-4527-BF73-EDFA0CE4BE54}
		{A65B5C7C-1978-4B82-8B94-1B8E74A39781} = {D80CA3F3-DAD3-4B69-9E02-8CECB2366B60}
		{4B6DE47D-5907-4B1F-9C59-35136C3AE50F} = {E43E16FF-DA53-4B9D-9C61-41081F92DB7F}
		{7177E254-FE99-49CE-A111-AAE031BABFDB} = {4FB26A42-8C6E-4B78-AC32-DC2121FE904F}
		{0ED8A3F4-8EBA-4CB4-8DB8-3C3D97C8438B} = {E8CD97B9-6E87-4C34-AD21-B84D3BDDCE44}
		{1CB19A4D-1767-4E8E-8104-03E925688B32} = {FE531509-EA2A-444B-85A8-17ADB06181A4}
		{FDB943CE-687B-412A-A492-DE5F432D064F} = {72708DD6-6D00-4C14-95B1-F71C9E3CD1EC}
		{5EEFE72F-5DF7-4A4E-B95C-6BC0B6827BEF} = {66399A92-E823-47EE-A592-4CDCEDA2B7E2}
		{B6718303-EE0A-4DAD-8340-C9F77DDFDAC6} = {66399A92-E823-47EE-A592-4CDCEDA2B7E2}
		{D1E56B06-E1A5-4C09-AB3D-2F83C9916094} = {66399A92-E823-47EE-A592-4CDCEDA2B7E2}
		{09A6E034-A433-44AA-B15B-2E1D9A0EF8C8} = {6E7BE8DA-B799-4221-A741-33BE659BCF14}
	EndGlobalSection
	GlobalSection(ExtensibilityGlobals) = postSolution
		SolutionGuid = {90EA633C-232B-409C-8536-774AC95C1CFE}
	EndGlobalSection
EndGlobal
